// !$*UTF8*$!
{
	archiveVersion = 1;
	classes = {
	};
	objectVersion = 56;
	objects = {

/* Begin PBXBuildFile section */
		0A6D6E6B2B83D657006CC22B /* OpenClassroomsProjectsApp.swift in Sources */ = {isa = PBXBuildFile; fileRef = 0A6D6E6A2B83D657006CC22B /* OpenClassroomsProjectsApp.swift */; };
		0A6D6E6F2B83D659006CC22B /* Assets.xcassets in Resources */ = {isa = PBXBuildFile; fileRef = 0A6D6E6E2B83D659006CC22B /* Assets.xcassets */; };
		0A6D6E722B83D659006CC22B /* Preview Assets.xcassets in Resources */ = {isa = PBXBuildFile; fileRef = 0A6D6E712B83D659006CC22B /* Preview Assets.xcassets */; };
		0A6D6E7C2B83D8D2006CC22B /* AnimalsListView.swift in Sources */ = {isa = PBXBuildFile; fileRef = 0A6D6E7B2B83D8D2006CC22B /* AnimalsListView.swift */; };
		0A6D6E7E2B83DABF006CC22B /* AnimalDetailVew.swift in Sources */ = {isa = PBXBuildFile; fileRef = 0A6D6E7D2B83DABF006CC22B /* AnimalDetailVew.swift */; };
		0A6D6E802B83DB6A006CC22B /* AddNewAnimalView.swift in Sources */ = {isa = PBXBuildFile; fileRef = 0A6D6E7F2B83DB6A006CC22B /* AddNewAnimalView.swift */; };
		0A6D6E822B83DBC8006CC22B /* ViewModel.swift in Sources */ = {isa = PBXBuildFile; fileRef = 0A6D6E812B83DBC8006CC22B /* ViewModel.swift */; };
		0AFF49772BA9769F007B87A3 /* WelcomeView.swift in Sources */ = {isa = PBXBuildFile; fileRef = 0AFF49762BA9769F007B87A3 /* WelcomeView.swift */; };
/* End PBXBuildFile section */

/* Begin PBXFileReference section */
		0A6D6E672B83D657006CC22B /* OpenClassroomsProjects.app */ = {isa = PBXFileReference; explicitFileType = wrapper.application; includeInIndex = 0; path = OpenClassroomsProjects.app; sourceTree = BUILT_PRODUCTS_DIR; };
		0A6D6E6A2B83D657006CC22B /* OpenClassroomsProjectsApp.swift */ = {isa = PBXFileReference; lastKnownFileType = sourcecode.swift; path = OpenClassroomsProjectsApp.swift; sourceTree = "<group>"; };
		0A6D6E6E2B83D659006CC22B /* Assets.xcassets */ = {isa = PBXFileReference; lastKnownFileType = folder.assetcatalog; path = Assets.xcassets; sourceTree = "<group>"; };
		0A6D6E712B83D659006CC22B /* Preview Assets.xcassets */ = {isa = PBXFileReference; lastKnownFileType = folder.assetcatalog; path = "Preview Assets.xcassets"; sourceTree = "<group>"; };
		0A6D6E7B2B83D8D2006CC22B /* AnimalsListView.swift */ = {isa = PBXFileReference; lastKnownFileType = sourcecode.swift; path = AnimalsListView.swift; sourceTree = "<group>"; };
		0A6D6E7D2B83DABF006CC22B /* AnimalDetailVew.swift */ = {isa = PBXFileReference; lastKnownFileType = sourcecode.swift; path = AnimalDetailVew.swift; sourceTree = "<group>"; };
		0A6D6E7F2B83DB6A006CC22B /* AddNewAnimalView.swift */ = {isa = PBXFileReference; lastKnownFileType = sourcecode.swift; path = AddNewAnimalView.swift; sourceTree = "<group>"; };
		0A6D6E812B83DBC8006CC22B /* ViewModel.swift */ = {isa = PBXFileReference; lastKnownFileType = sourcecode.swift; path = ViewModel.swift; sourceTree = "<group>"; };
		0AFF49762BA9769F007B87A3 /* WelcomeView.swift */ = {isa = PBXFileReference; lastKnownFileType = sourcecode.swift; path = WelcomeView.swift; sourceTree = "<group>"; };
/* End PBXFileReference section */

/* Begin PBXFrameworksBuildPhase section */
		0A6D6E642B83D657006CC22B /* Frameworks */ = {
			isa = PBXFrameworksBuildPhase;
			buildActionMask = 2147483647;
			files = (
			);
			runOnlyForDeploymentPostprocessing = 0;
		};
/* End PBXFrameworksBuildPhase section */

/* Begin PBXGroup section */
		0A6D6E5E2B83D657006CC22B = {
			isa = PBXGroup;
			children = (
				0A6D6E692B83D657006CC22B /* OpenClassroomsProjects */,
				0A6D6E682B83D657006CC22B /* Products */,
			);
			sourceTree = "<group>";
		};
		0A6D6E682B83D657006CC22B /* Products */ = {
			isa = PBXGroup;
			children = (
				0A6D6E672B83D657006CC22B /* OpenClassroomsProjects.app */,
			);
			name = Products;
			sourceTree = "<group>";
		};
		0A6D6E692B83D657006CC22B /* OpenClassroomsProjects */ = {
			isa = PBXGroup;
			children = (
				0A6D6E6A2B83D657006CC22B /* OpenClassroomsProjectsApp.swift */,
				0A6D6E782B83D739006CC22B /* Project_2-AimantsAnimaux */,
				0AE1C5EF2BA7A5340045661C /* Project_3-TajMahal */,
				0A6D6E6E2B83D659006CC22B /* Assets.xcassets */,
				0A6D6E702B83D659006CC22B /* Preview Content */,
			);
			path = OpenClassroomsProjects;
			sourceTree = "<group>";
		};
		0A6D6E702B83D659006CC22B /* Preview Content */ = {
			isa = PBXGroup;
			children = (
				0A6D6E712B83D659006CC22B /* Preview Assets.xcassets */,
			);
			path = "Preview Content";
			sourceTree = "<group>";
		};
		0A6D6E782B83D739006CC22B /* Project_2-AimantsAnimaux */ = {
			isa = PBXGroup;
			children = (
				0A6D6E7B2B83D8D2006CC22B /* AnimalsListView.swift */,
				0A6D6E7D2B83DABF006CC22B /* AnimalDetailVew.swift */,
				0A6D6E7F2B83DB6A006CC22B /* AddNewAnimalView.swift */,
				0A6D6E812B83DBC8006CC22B /* ViewModel.swift */,
			);
			path = "Project_2-AimantsAnimaux";
			sourceTree = "<group>";
		};
		0AE1C5EF2BA7A5340045661C /* Project_3-TajMahal */ = {
			isa = PBXGroup;
			children = (
				0AFF49762BA9769F007B87A3 /* WelcomeView.swift */,
			);
			path = "Project_3-TajMahal";
			sourceTree = "<group>";
		};
/* End PBXGroup section */

/* Begin PBXNativeTarget section */
		0A6D6E662B83D657006CC22B /* OpenClassroomsProjects */ = {
			isa = PBXNativeTarget;
			buildConfigurationList = 0A6D6E752B83D659006CC22B /* Build configuration list for PBXNativeTarget "OpenClassroomsProjects" */;
			buildPhases = (
				0A6D6E632B83D657006CC22B /* Sources */,
				0A6D6E642B83D657006CC22B /* Frameworks */,
				0A6D6E652B83D657006CC22B /* Resources */,
			);
			buildRules = (
			);
			dependencies = (
			);
			name = OpenClassroomsProjects;
			productName = OpenClassroomsProjects;
			productReference = 0A6D6E672B83D657006CC22B /* OpenClassroomsProjects.app */;
			productType = "com.apple.product-type.application";
		};
/* End PBXNativeTarget section */

/* Begin PBXProject section */
		0A6D6E5F2B83D657006CC22B /* Project object */ = {
			isa = PBXProject;
			attributes = {
				BuildIndependentTargetsInParallel = 1;
				LastSwiftUpdateCheck = 1520;
				LastUpgradeCheck = 1520;
				TargetAttributes = {
					0A6D6E662B83D657006CC22B = {
						CreatedOnToolsVersion = 15.2;
					};
				};
			};
			buildConfigurationList = 0A6D6E622B83D657006CC22B /* Build configuration list for PBXProject "OpenClassroomsProjects" */;
			compatibilityVersion = "Xcode 14.0";
			developmentRegion = en;
			hasScannedForEncodings = 0;
			knownRegions = (
				en,
				Base,
			);
			mainGroup = 0A6D6E5E2B83D657006CC22B;
			productRefGroup = 0A6D6E682B83D657006CC22B /* Products */;
			projectDirPath = "";
			projectRoot = "";
			targets = (
				0A6D6E662B83D657006CC22B /* OpenClassroomsProjects */,
			);
		};
/* End PBXProject section */

/* Begin PBXResourcesBuildPhase section */
		0A6D6E652B83D657006CC22B /* Resources */ = {
			isa = PBXResourcesBuildPhase;
			buildActionMask = 2147483647;
			files = (
				0A6D6E722B83D659006CC22B /* Preview Assets.xcassets in Resources */,
				0A6D6E6F2B83D659006CC22B /* Assets.xcassets in Resources */,
			);
			runOnlyForDeploymentPostprocessing = 0;
		};
/* End PBXResourcesBuildPhase section */

/* Begin PBXSourcesBuildPhase section */
		0A6D6E632B83D657006CC22B /* Sources */ = {
			isa = PBXSourcesBuildPhase;
			buildActionMask = 2147483647;
			files = (
				0A6D6E6B2B83D657006CC22B /* OpenClassroomsProjectsApp.swift in Sources */,
				0AFF49772BA9769F007B87A3 /* WelcomeView.swift in Sources */,
				0A6D6E7C2B83D8D2006CC22B /* AnimalsListView.swift in Sources */,
				0A6D6E802B83DB6A006CC22B /* AddNewAnimalView.swift in Sources */,
				0A6D6E822B83DBC8006CC22B /* ViewModel.swift in Sources */,
				0A6D6E7E2B83DABF006CC22B /* AnimalDetailVew.swift in Sources */,
			);
			runOnlyForDeploymentPostprocessing = 0;
		};
/* End PBXSourcesBuildPhase section */

/* Begin XCBuildConfiguration section */
		0A6D6E732B83D659006CC22B /* Debug */ = {
			isa = XCBuildConfiguration;
			buildSettings = {
				ALWAYS_SEARCH_USER_PATHS = NO;
				ASSETCATALOG_COMPILER_GENERATE_SWIFT_ASSET_SYMBOL_EXTENSIONS = YES;
				CLANG_ANALYZER_NONNULL = YES;
				CLANG_ANALYZER_NUMBER_OBJECT_CONVERSION = YES_AGGRESSIVE;
				CLANG_CXX_LANGUAGE_STANDARD = "gnu++20";
				CLANG_ENABLE_MODULES = YES;
				CLANG_ENABLE_OBJC_ARC = YES;
				CLANG_ENABLE_OBJC_WEAK = YES;
				CLANG_WARN_BLOCK_CAPTURE_AUTORELEASING = YES;
				CLANG_WARN_BOOL_CONVERSION = YES;
				CLANG_WARN_COMMA = YES;
				CLANG_WARN_CONSTANT_CONVERSION = YES;
				CLANG_WARN_DEPRECATED_OBJC_IMPLEMENTATIONS = YES;
				CLANG_WARN_DIRECT_OBJC_ISA_USAGE = YES_ERROR;
				CLANG_WARN_DOCUMENTATION_COMMENTS = YES;
				CLANG_WARN_EMPTY_BODY = YES;
				CLANG_WARN_ENUM_CONVERSION = YES;
				CLANG_WARN_INFINITE_RECURSION = YES;
				CLANG_WARN_INT_CONVERSION = YES;
				CLANG_WARN_NON_LITERAL_NULL_CONVERSION = YES;
				CLANG_WARN_OBJC_IMPLICIT_RETAIN_SELF = YES;
				CLANG_WARN_OBJC_LITERAL_CONVERSION = YES;
				CLANG_WARN_OBJC_ROOT_CLASS = YES_ERROR;
				CLANG_WARN_QUOTED_INCLUDE_IN_FRAMEWORK_HEADER = YES;
				CLANG_WARN_RANGE_LOOP_ANALYSIS = YES;
				CLANG_WARN_STRICT_PROTOTYPES = YES;
				CLANG_WARN_SUSPICIOUS_MOVE = YES;
				CLANG_WARN_UNGUARDED_AVAILABILITY = YES_AGGRESSIVE;
				CLANG_WARN_UNREACHABLE_CODE = YES;
				CLANG_WARN__DUPLICATE_METHOD_MATCH = YES;
				COPY_PHASE_STRIP = NO;
				DEBUG_INFORMATION_FORMAT = dwarf;
				ENABLE_STRICT_OBJC_MSGSEND = YES;
				ENABLE_TESTABILITY = YES;
				ENABLE_USER_SCRIPT_SANDBOXING = YES;
				GCC_C_LANGUAGE_STANDARD = gnu17;
				GCC_DYNAMIC_NO_PIC = NO;
				GCC_NO_COMMON_BLOCKS = YES;
				GCC_OPTIMIZATION_LEVEL = 0;
				GCC_PREPROCESSOR_DEFINITIONS = (
					"DEBUG=1",
					"$(inherited)",
				);
				GCC_WARN_64_TO_32_BIT_CONVERSION = YES;
				GCC_WARN_ABOUT_RETURN_TYPE = YES_ERROR;
				GCC_WARN_UNDECLARED_SELECTOR = YES;
				GCC_WARN_UNINITIALIZED_AUTOS = YES_AGGRESSIVE;
				GCC_WARN_UNUSED_FUNCTION = YES;
				GCC_WARN_UNUSED_VARIABLE = YES;
				IPHONEOS_DEPLOYMENT_TARGET = 17.2;
				LOCALIZATION_PREFERS_STRING_CATALOGS = YES;
				MTL_ENABLE_DEBUG_INFO = INCLUDE_SOURCE;
				MTL_FAST_MATH = YES;
				ONLY_ACTIVE_ARCH = YES;
				SDKROOT = iphoneos;
				SWIFT_ACTIVE_COMPILATION_CONDITIONS = "DEBUG $(inherited)";
				SWIFT_OPTIMIZATION_LEVEL = "-Onone";
			};
			name = Debug;
		};
		0A6D6E742B83D659006CC22B /* Release */ = {
			isa = XCBuildConfiguration;
			buildSettings = {
				ALWAYS_SEARCH_USER_PATHS = NO;
				ASSETCATALOG_COMPILER_GENERATE_SWIFT_ASSET_SYMBOL_EXTENSIONS = YES;
				CLANG_ANALYZER_NONNULL = YES;
				CLANG_ANALYZER_NUMBER_OBJECT_CONVERSION = YES_AGGRESSIVE;
				CLANG_CXX_LANGUAGE_STANDARD = "gnu++20";
				CLANG_ENABLE_MODULES = YES;
				CLANG_ENABLE_OBJC_ARC = YES;
				CLANG_ENABLE_OBJC_WEAK = YES;
				CLANG_WARN_BLOCK_CAPTURE_AUTORELEASING = YES;
				CLANG_WARN_BOOL_CONVERSION = YES;
				CLANG_WARN_COMMA = YES;
				CLANG_WARN_CONSTANT_CONVERSION = YES;
				CLANG_WARN_DEPRECATED_OBJC_IMPLEMENTATIONS = YES;
				CLANG_WARN_DIRECT_OBJC_ISA_USAGE = YES_ERROR;
				CLANG_WARN_DOCUMENTATION_COMMENTS = YES;
				CLANG_WARN_EMPTY_BODY = YES;
				CLANG_WARN_ENUM_CONVERSION = YES;
				CLANG_WARN_INFINITE_RECURSION = YES;
				CLANG_WARN_INT_CONVERSION = YES;
				CLANG_WARN_NON_LITERAL_NULL_CONVERSION = YES;
				CLANG_WARN_OBJC_IMPLICIT_RETAIN_SELF = YES;
				CLANG_WARN_OBJC_LITERAL_CONVERSION = YES;
				CLANG_WARN_OBJC_ROOT_CLASS = YES_ERROR;
				CLANG_WARN_QUOTED_INCLUDE_IN_FRAMEWORK_HEADER = YES;
				CLANG_WARN_RANGE_LOOP_ANALYSIS = YES;
				CLANG_WARN_STRICT_PROTOTYPES = YES;
				CLANG_WARN_SUSPICIOUS_MOVE = YES;
				CLANG_WARN_UNGUARDED_AVAILABILITY = YES_AGGRESSIVE;
				CLANG_WARN_UNREACHABLE_CODE = YES;
				CLANG_WARN__DUPLICATE_METHOD_MATCH = YES;
				COPY_PHASE_STRIP = NO;
				DEBUG_INFORMATION_FORMAT = "dwarf-with-dsym";
				ENABLE_NS_ASSERTIONS = NO;
				ENABLE_STRICT_OBJC_MSGSEND = YES;
				ENABLE_USER_SCRIPT_SANDBOXING = YES;
				GCC_C_LANGUAGE_STANDARD = gnu17;
				GCC_NO_COMMON_BLOCKS = YES;
				GCC_WARN_64_TO_32_BIT_CONVERSION = YES;
				GCC_WARN_ABOUT_RETURN_TYPE = YES_ERROR;
				GCC_WARN_UNDECLARED_SELECTOR = YES;
				GCC_WARN_UNINITIALIZED_AUTOS = YES_AGGRESSIVE;
				GCC_WARN_UNUSED_FUNCTION = YES;
				GCC_WARN_UNUSED_VARIABLE = YES;
				IPHONEOS_DEPLOYMENT_TARGET = 17.2;
				LOCALIZATION_PREFERS_STRING_CATALOGS = YES;
				MTL_ENABLE_DEBUG_INFO = NO;
				MTL_FAST_MATH = YES;
				SDKROOT = iphoneos;
				SWIFT_COMPILATION_MODE = wholemodule;
				VALIDATE_PRODUCT = YES;
			};
			name = Release;
		};
		0A6D6E762B83D659006CC22B /* Debug */ = {
			isa = XCBuildConfiguration;
			buildSettings = {
				ASSETCATALOG_COMPILER_APPICON_NAME = AppIcon;
				ASSETCATALOG_COMPILER_GLOBAL_ACCENT_COLOR_NAME = AccentColor;
				CODE_SIGN_STYLE = Automatic;
				CURRENT_PROJECT_VERSION = 1;
				DEVELOPMENT_ASSET_PATHS = "\"OpenClassroomsProjects/Preview Content\"";
				DEVELOPMENT_TEAM = 5L6U43CM7C;
				ENABLE_PREVIEWS = YES;
				GENERATE_INFOPLIST_FILE = YES;
				INFOPLIST_KEY_UIApplicationSceneManifest_Generation = YES;
				INFOPLIST_KEY_UIApplicationSupportsIndirectInputEvents = YES;
				INFOPLIST_KEY_UILaunchScreen_Generation = YES;
				INFOPLIST_KEY_UISupportedInterfaceOrientations_iPad = "UIInterfaceOrientationPortrait UIInterfaceOrientationPortraitUpsideDown UIInterfaceOrientationLandscapeLeft UIInterfaceOrientationLandscapeRight";
				INFOPLIST_KEY_UISupportedInterfaceOrientations_iPhone = "UIInterfaceOrientationPortrait UIInterfaceOrientationLandscapeLeft UIInterfaceOrientationLandscapeRight";
				LD_RUNPATH_SEARCH_PATHS = (
					"$(inherited)",
					"@executable_path/Frameworks",
				);
				MARKETING_VERSION = 1.0;
				PRODUCT_BUNDLE_IDENTIFIER = com.kevinmassol.OpenClassroomsProjects;
				PRODUCT_NAME = "$(TARGET_NAME)";
				SWIFT_EMIT_LOC_STRINGS = YES;
				SWIFT_VERSION = 5.0;
				TARGETED_DEVICE_FAMILY = "1,2";
			};
			name = Debug;
		};
		0A6D6E772B83D659006CC22B /* Release */ = {
			isa = XCBuildConfiguration;
			buildSettings = {
				ASSETCATALOG_COMPILER_APPICON_NAME = AppIcon;
				ASSETCATALOG_COMPILER_GLOBAL_ACCENT_COLOR_NAME = AccentColor;
				CODE_SIGN_STYLE = Automatic;
				CURRENT_PROJECT_VERSION = 1;
				DEVELOPMENT_ASSET_PATHS = "\"OpenClassroomsProjects/Preview Content\"";
				DEVELOPMENT_TEAM = 5L6U43CM7C;
				ENABLE_PREVIEWS = YES;
				GENERATE_INFOPLIST_FILE = YES;
				INFOPLIST_KEY_UIApplicationSceneManifest_Generation = YES;
				INFOPLIST_KEY_UIApplicationSupportsIndirectInputEvents = YES;
				INFOPLIST_KEY_UILaunchScreen_Generation = YES;
				INFOPLIST_KEY_UISupportedInterfaceOrientations_iPad = "UIInterfaceOrientationPortrait UIInterfaceOrientationPortraitUpsideDown UIInterfaceOrientationLandscapeLeft UIInterfaceOrientationLandscapeRight";
				INFOPLIST_KEY_UISupportedInterfaceOrientations_iPhone = "UIInterfaceOrientationPortrait UIInterfaceOrientationLandscapeLeft UIInterfaceOrientationLandscapeRight";
				LD_RUNPATH_SEARCH_PATHS = (
					"$(inherited)",
					"@executable_path/Frameworks",
				);
				MARKETING_VERSION = 1.0;
				PRODUCT_BUNDLE_IDENTIFIER = com.kevinmassol.OpenClassroomsProjects;
				PRODUCT_NAME = "$(TARGET_NAME)";
				SWIFT_EMIT_LOC_STRINGS = YES;
				SWIFT_VERSION = 5.0;
				TARGETED_DEVICE_FAMILY = "1,2";
			};
			name = Release;
		};
/* End XCBuildConfiguration section */

/* Begin XCConfigurationList section */
		0A6D6E622B83D657006CC22B /* Build configuration list for PBXProject "OpenClassroomsProjects" */ = {
			isa = XCConfigurationList;
			buildConfigurations = (
				0A6D6E732B83D659006CC22B /* Debug */,
				0A6D6E742B83D659006CC22B /* Release */,
			);
			defaultConfigurationIsVisible = 0;
			defaultConfigurationName = Release;
		};
		0A6D6E752B83D659006CC22B /* Build configuration list for PBXNativeTarget "OpenClassroomsProjects" */ = {
			isa = XCConfigurationList;
			buildConfigurations = (
				0A6D6E762B83D659006CC22B /* Debug */,
				0A6D6E772B83D659006CC22B /* Release */,
			);
			defaultConfigurationIsVisible = 0;
			defaultConfigurationName = Release;
		};
/* End XCConfigurationList section */
	};
	rootObject = 0A6D6E5F2B83D657006CC22B /* Project object */;
}
